<?xml version="1.0" encoding="utf-8"?>
<Project ToolsVersion="4.0" xmlns="http://schemas.microsoft.com/developer/msbuild/2003">
  <ItemGroup>
    <Filter Include="源文件">
      <UniqueIdentifier>{4FC737F1-C7A5-4376-A066-2A32D752A2FF}</UniqueIdentifier>
      <Extensions>cpp;c;cc;cxx;def;odl;idl;hpj;bat;asm;asmx</Extensions>
    </Filter>
    <Filter Include="头文件">
      <UniqueIdentifier>{93995380-89BD-4b04-88EB-625FBE52EBFB}</UniqueIdentifier>
      <Extensions>h;hh;hpp;hxx;hm;inl;inc;ipp;xsd</Extensions>
    </Filter>
    <Filter Include="资源文件">
      <UniqueIdentifier>{67DA6AB6-F800-4c08-8B7A-83BB121AAD01}</UniqueIdentifier>
      <Extensions>rc;ico;cur;bmp;dlg;rc2;rct;bin;rgs;gif;jpg;jpeg;jpe;resx;tiff;tif;png;wav;mfcribbon-ms</Extensions>
    </Filter>
    <Filter Include="自定义消息">
      <UniqueIdentifier>{4c69b570-0314-4458-bf54-3bb81b092811}</UniqueIdentifier>
    </Filter>
    <Filter Include="初始化微信">
      <UniqueIdentifier>{1bed1c7d-e20f-438c-bca9-8db62c1a3626}</UniqueIdentifier>
    </Filter>
    <Filter Include="偏移">
      <UniqueIdentifier>{c4523da6-b75c-48e0-ab84-dbf5dd9df549}</UniqueIdentifier>
    </Filter>
    <Filter Include="窗口消息循环">
      <UniqueIdentifier>{1b97d3b6-5a99-4fdf-a214-d55d60c7242e}</UniqueIdentifier>
    </Filter>
    <Filter Include="通用函数">
      <UniqueIdentifier>{f9b289e8-49ff-44ff-9cba-5a88118d1278}</UniqueIdentifier>
    </Filter>
    <Filter Include="主窗口">
      <UniqueIdentifier>{c120e69b-e4c5-40d6-bae5-ae2e68572f24}</UniqueIdentifier>
    </Filter>
    <Filter Include="聊天记录">
      <UniqueIdentifier>{da6b6f22-8ea5-4361-9b1b-56ffdf4ac55b}</UniqueIdentifier>
    </Filter>
    <Filter Include="好友列表">
      <UniqueIdentifier>{676be2df-03d7-4af0-a953-af90e8a29434}</UniqueIdentifier>
    </Filter>
    <Filter Include="好友列表\好友列表">
      <UniqueIdentifier>{fb46ca54-a249-4452-89a9-34324d23f13e}</UniqueIdentifier>
    </Filter>
    <Filter Include="好友列表\群相关操作">
      <UniqueIdentifier>{10822d94-1fc2-4c46-8cbb-8c61f74e893c}</UniqueIdentifier>
    </Filter>
    <Filter Include="自动功能">
      <UniqueIdentifier>{e925d8f2-c871-4d25-99cc-1bc5f906e2e7}</UniqueIdentifier>
    </Filter>
    <Filter Include="测试用">
      <UniqueIdentifier>{68f9d5ae-80d2-4af3-8dad-20c39b3d24ad}</UniqueIdentifier>
    </Filter>
  </ItemGroup>
  <ItemGroup>
    <ClInclude Include="stdafx.h">
      <Filter>头文件</Filter>
    </ClInclude>
    <ClInclude Include="targetver.h">
      <Filter>头文件</Filter>
    </ClInclude>
    <ClInclude Include="resource.h">
      <Filter>头文件</Filter>
    </ClInclude>
    <ClInclude Include="message.h">
      <Filter>自定义消息</Filter>
    </ClInclude>
    <ClInclude Include="InitWeChat.h">
      <Filter>初始化微信</Filter>
    </ClInclude>
    <ClInclude Include="offset.h">
      <Filter>偏移</Filter>
    </ClInclude>
    <ClInclude Include="WndMsgLoop.h">
      <Filter>窗口消息循环</Filter>
    </ClInclude>
    <ClInclude Include="tools.h">
      <Filter>通用函数</Filter>
    </ClInclude>
    <ClInclude Include="MainWindow.h">
      <Filter>主窗口</Filter>
    </ClInclude>
    <ClInclude Include="ChatRecord.h">
      <Filter>聊天记录</Filter>
    </ClInclude>
    <ClInclude Include="FriendList.h">
      <Filter>好友列表\好友列表</Filter>
    </ClInclude>
    <ClInclude Include="ChatRoomOperate.h">
      <Filter>好友列表\群相关操作</Filter>
    </ClInclude>
    <ClInclude Include="CAutoFunction.h">
      <Filter>自动功能</Filter>
    </ClInclude>
    <ClInclude Include="wechat-inject-helper.h">
      <Filter>测试用</Filter>
    </ClInclude>
    <ClInclude Include="wechat-info-get.h">
      <Filter>测试用</Filter>
    </ClInclude>
    <ClInclude Include="test.h">
      <Filter>测试用</Filter>
    </ClInclude>
    <ClInclude Include="utils.h">
      <Filter>测试用</Filter>
    </ClInclude>
  </ItemGroup>
  <ItemGroup>
    <ClCompile Include="stdafx.cpp">
      <Filter>源文件</Filter>
    </ClCompile>
    <ClCompile Include="dllmain.cpp">
      <Filter>源文件</Filter>
    </ClCompile>
    <ClCompile Include="InitWeChat.cpp">
      <Filter>初始化微信</Filter>
    </ClCompile>
    <ClCompile Include="WndMsgLoop.cpp">
      <Filter>窗口消息循环</Filter>
    </ClCompile>
    <ClCompile Include="tools.cpp">
      <Filter>通用函数</Filter>
    </ClCompile>
    <ClCompile Include="MainWindow.cpp">
      <Filter>主窗口</Filter>
    </ClCompile>
    <ClCompile Include="ChatRecord.cpp">
      <Filter>聊天记录</Filter>
    </ClCompile>
    <ClCompile Include="FriendList.cpp">
      <Filter>好友列表\好友列表</Filter>
    </ClCompile>
    <ClCompile Include="ChatRoomOperate.cpp">
      <Filter>好友列表\群相关操作</Filter>
    </ClCompile>
    <ClCompile Include="CAutoFunction.cpp">
      <Filter>自动功能</Filter>
    </ClCompile>
    <ClCompile Include="wechat-info-get.cpp">
      <Filter>测试用</Filter>
    </ClCompile>
    <ClCompile Include="wechat-inject-helper.cpp">
      <Filter>测试用</Filter>
    </ClCompile>
    <ClCompile Include="test.cpp">
      <Filter>测试用</Filter>
    </ClCompile>
    <ClCompile Include="utils.cpp">
      <Filter>测试用</Filter>
    </ClCompile>
  </ItemGroup>
  <ItemGroup>
    <ResourceCompile Include="wechat-inject-helper.rc">
      <Filter>资源文件</Filter>
    </ResourceCompile>
  </ItemGroup>
</Project>